
Microsoft Visual Studio Solution File, Format Version 12.00
# Visual Studio 15
VisualStudioVersion = 15.0.28307.102
MinimumVisualStudioVersion = 10.0.40219.1
Project("{9A19103F-16F7-4668-BE54-9A1E7A4F7556}") = "SmartDormitory.Web", "SmartDormitory\SmartDormitory.Web.csproj", "{4D2EBD60-575E-4FF7-9409-D819B64AD914}"
EndProject
Project("{9A19103F-16F7-4668-BE54-9A1E7A4F7556}") = "SmartDormitory.Data", "SmartDormitory.Data\SmartDormitory.Data.csproj", "{9ECF42B0-DBCC-42F6-8806-9060AD297D3A}"
EndProject
Project("{9A19103F-16F7-4668-BE54-9A1E7A4F7556}") = "SmartDormitory.Services", "SmartDormitory.Services\SmartDormitory.Services.csproj", "{F8543BB6-2E0B-4519-92C0-81E6C543CB24}"
EndProject
Project("{9A19103F-16F7-4668-BE54-9A1E7A4F7556}") = "SmartDormitory.Tests", "SmartDormitory.Tests\SmartDormitory.Tests.csproj", "{BD84F4FC-28DC-46B9-8BAB-BC855A56FEDD}"
EndProject
Project("{FAE04EC0-301F-11D3-BF4B-00C04F79EFBC}") = "SmartDormitory.Services.External", "SmartDormitory.Services.External\SmartDormitory.Services.External.csproj", "{D0F433FF-0CD4-4A81-AFA4-A824E5D6D7C6}"
EndProject
Global
	GlobalSection(SolutionConfigurationPlatforms) = preSolution
		Debug|Any CPU = Debug|Any CPU
		Release|Any CPU = Release|Any CPU
	EndGlobalSection
	GlobalSection(ProjectConfigurationPlatforms) = postSolution
		{4D2EBD60-575E-4FF7-9409-D819B64AD914}.Debug|Any CPU.ActiveCfg = Debug|Any CPU
		{4D2EBD60-575E-4FF7-9409-D819B64AD914}.Debug|Any CPU.Build.0 = Debug|Any CPU
		{4D2EBD60-575E-4FF7-9409-D819B64AD914}.Release|Any CPU.ActiveCfg = Release|Any CPU
		{4D2EBD60-575E-4FF7-9409-D819B64AD914}.Release|Any CPU.Build.0 = Release|Any CPU
		{9ECF42B0-DBCC-42F6-8806-9060AD297D3A}.Debug|Any CPU.ActiveCfg = Debug|Any CPU
		{9ECF42B0-DBCC-42F6-8806-9060AD297D3A}.Debug|Any CPU.Build.0 = Debug|Any CPU
		{9ECF42B0-DBCC-42F6-8806-9060AD297D3A}.Release|Any CPU.ActiveCfg = Release|Any CPU
		{9ECF42B0-DBCC-42F6-8806-9060AD297D3A}.Release|Any CPU.Build.0 = Release|Any CPU
		{F8543BB6-2E0B-4519-92C0-81E6C543CB24}.Debug|Any CPU.ActiveCfg = Debug|Any CPU
		{F8543BB6-2E0B-4519-92C0-81E6C543CB24}.Debug|Any CPU.Build.0 = Debug|Any CPU
		{F8543BB6-2E0B-4519-92C0-81E6C543CB24}.Release|Any CPU.ActiveCfg = Release|Any CPU
		{F8543BB6-2E0B-4519-92C0-81E6C543CB24}.Release|Any CPU.Build.0 = Release|Any CPU
		{BD84F4FC-28DC-46B9-8BAB-BC855A56FEDD}.Debug|Any CPU.ActiveCfg = Debug|Any CPU
		{BD84F4FC-28DC-46B9-8BAB-BC855A56FEDD}.Debug|Any CPU.Build.0 = Debug|Any CPU
		{BD84F4FC-28DC-46B9-8BAB-BC855A56FEDD}.Release|Any CPU.ActiveCfg = Release|Any CPU
		{BD84F4FC-28DC-46B9-8BAB-BC855A56FEDD}.Release|Any CPU.Build.0 = Release|Any CPU
		{D0F433FF-0CD4-4A81-AFA4-A824E5D6D7C6}.Debug|Any CPU.ActiveCfg = Debug|Any CPU
		{D0F433FF-0CD4-4A81-AFA4-A824E5D6D7C6}.Debug|Any CPU.Build.0 = Debug|Any CPU
		{D0F433FF-0CD4-4A81-AFA4-A824E5D6D7C6}.Release|Any CPU.ActiveCfg = Release|Any CPU
		{D0F433FF-0CD4-4A81-AFA4-A824E5D6D7C6}.Release|Any CPU.Build.0 = Release|Any CPU
	EndGlobalSection
	GlobalSection(SolutionProperties) = preSolution
		HideSolutionNode = FALSE
	EndGlobalSection
	GlobalSection(ExtensibilityGlobals) = postSolution
		SolutionGuid = {001B66C9-1078-4D75-8DFA-988B5068D7E9}
	EndGlobalSection
EndGlobal
