
Microsoft Visual Studio Solution File, Format Version 12.00
# Visual Studio 15
VisualStudioVersion = 15.0.28010.2050
MinimumVisualStudioVersion = 10.0.40219.1
Project("{FAE04EC0-301F-11D3-BF4B-00C04F79EFBC}") = "WebSmartDormitory", "WebSmartDormitory\WebSmartDormitory.csproj", "{980B2BD4-A13E-4804-9AEA-F3CD57FAE089}"
EndProject
Project("{FAE04EC0-301F-11D3-BF4B-00C04F79EFBC}") = "Data.SmartDormitory", "Data.SmartDormitory\Data.SmartDormitory.csproj", "{B92FF22A-FA5B-4084-B4DE-FF5E454DC287}"
EndProject
Project("{FAE04EC0-301F-11D3-BF4B-00C04F79EFBC}") = "Services.SmartDormitory", "Services.SmartDormitory\Services.SmartDormitory.csproj", "{0F2DB433-D73B-4764-AF2C-93FC26187081}"
EndProject
Project("{FAE04EC0-301F-11D3-BF4B-00C04F79EFBC}") = "Tests.SmartDormitory", "Tests.SmartDormitory\Tests.SmartDormitory.csproj", "{58CA6C35-0407-46F1-B08C-5BD33622204A}"
EndProject
Global
	GlobalSection(SolutionConfigurationPlatforms) = preSolution
		Debug|Any CPU = Debug|Any CPU
		Release|Any CPU = Release|Any CPU
	EndGlobalSection
	GlobalSection(ProjectConfigurationPlatforms) = postSolution
		{980B2BD4-A13E-4804-9AEA-F3CD57FAE089}.Debug|Any CPU.ActiveCfg = Debug|Any CPU
		{980B2BD4-A13E-4804-9AEA-F3CD57FAE089}.Debug|Any CPU.Build.0 = Debug|Any CPU
		{980B2BD4-A13E-4804-9AEA-F3CD57FAE089}.Release|Any CPU.ActiveCfg = Release|Any CPU
		{980B2BD4-A13E-4804-9AEA-F3CD57FAE089}.Release|Any CPU.Build.0 = Release|Any CPU
		{B92FF22A-FA5B-4084-B4DE-FF5E454DC287}.Debug|Any CPU.ActiveCfg = Debug|Any CPU
		{B92FF22A-FA5B-4084-B4DE-FF5E454DC287}.Debug|Any CPU.Build.0 = Debug|Any CPU
		{B92FF22A-FA5B-4084-B4DE-FF5E454DC287}.Release|Any CPU.ActiveCfg = Release|Any CPU
		{B92FF22A-FA5B-4084-B4DE-FF5E454DC287}.Release|Any CPU.Build.0 = Release|Any CPU
		{0F2DB433-D73B-4764-AF2C-93FC26187081}.Debug|Any CPU.ActiveCfg = Debug|Any CPU
		{0F2DB433-D73B-4764-AF2C-93FC26187081}.Debug|Any CPU.Build.0 = Debug|Any CPU
		{0F2DB433-D73B-4764-AF2C-93FC26187081}.Release|Any CPU.ActiveCfg = Release|Any CPU
		{0F2DB433-D73B-4764-AF2C-93FC26187081}.Release|Any CPU.Build.0 = Release|Any CPU
		{58CA6C35-0407-46F1-B08C-5BD33622204A}.Debug|Any CPU.ActiveCfg = Debug|Any CPU
		{58CA6C35-0407-46F1-B08C-5BD33622204A}.Debug|Any CPU.Build.0 = Debug|Any CPU
		{58CA6C35-0407-46F1-B08C-5BD33622204A}.Release|Any CPU.ActiveCfg = Release|Any CPU
		{58CA6C35-0407-46F1-B08C-5BD33622204A}.Release|Any CPU.Build.0 = Release|Any CPU
	EndGlobalSection
	GlobalSection(SolutionProperties) = preSolution
		HideSolutionNode = FALSE
	EndGlobalSection
	GlobalSection(ExtensibilityGlobals) = postSolution
		SolutionGuid = {1AB69954-69F3-4BA0-8B20-A07C3B1E2EFA}
	EndGlobalSection
EndGlobal
